
Microsoft Visual Studio Solution File, Format Version 12.00
# Visual Studio 15
Project("{FAE04EC0-301F-11D3-BF4B-00C04F79EFBC}") = "Encoding2", "Encoding2\Encoding2.csproj", "{FD360055-84A8-4186-BE33-6D8B22B5B98A}"
EndProject
Global
	GlobalSection(SolutionConfigurationPlatforms) = preSolution
		Debug|anycpu = Debug|anycpu
		Release|anycpu = Release|anycpu
	EndGlobalSection
	GlobalSection(ProjectConfigurationPlatforms) = postSolution
		{FD360055-84A8-4186-BE33-6D8B22B5B98A}.Debug|anycpu.ActiveCfg = Debug|anycpu
		{FD360055-84A8-4186-BE33-6D8B22B5B98A}.Debug|anycpu.Build.0 = Debug|anycpu
		{FD360055-84A8-4186-BE33-6D8B22B5B98A}.Release|anycpu.ActiveCfg = Release|anycpu
		{FD360055-84A8-4186-BE33-6D8B22B5B98A}.Release|anycpu.Build.0 = Release|anycpu
	EndGlobalSection
EndGlobal
